<?xml version="1.0" encoding="utf-8"?>
<Project ToolsVersion="4.0" xmlns="http://schemas.microsoft.com/developer/msbuild/2003">
  <ItemGroup>
    <Filter Include="ddmd">
      <UniqueIdentifier>{6b846289-f779-413a-b14c-51ac8055587b}</UniqueIdentifier>
    </Filter>
    <Filter Include="ddmd\backend">
      <UniqueIdentifier>{853090e1-9436-40d8-b439-b8dbbc2c7fa1}</UniqueIdentifier>
    </Filter>
    <Filter Include="ddmd\tk">
      <UniqueIdentifier>{2db94531-cc9e-4df8-bd77-c22e38022b15}</UniqueIdentifier>
    </Filter>
    <Filter Include="ddmd\root">
      <UniqueIdentifier>{f109049a-11c8-4419-bdda-9d44c65b2900}</UniqueIdentifier>
    </Filter>
    <Filter Include="ddmd\gen">
      <UniqueIdentifier>{8f21dd4e-1670-48be-9a72-1dccf0c17166}</UniqueIdentifier>
    </Filter>
    <Filter Include="vcbuild">
      <UniqueIdentifier>{5fa9d849-fc22-4664-bb36-8ed7e1bff041}</UniqueIdentifier>
    </Filter>
  </ItemGroup>
  <ItemGroup>
    <ClCompile Include="..\ddmd\backend\tk.c">
      <Filter>ddmd</Filter>
    </ClCompile>
    <ClCompile Include="..\ddmd\backend\aa.c">
      <Filter>ddmd\backend</Filter>
    </ClCompile>
    <ClCompile Include="..\ddmd\backend\bcomplex.c">
      <Filter>ddmd\backend</Filter>
    </ClCompile>
    <ClCompile Include="..\ddmd\backend\blockopt.c">
      <Filter>ddmd\backend</Filter>
    </ClCompile>
    <ClCompile Include="..\ddmd\backend\cg.c">
      <Filter>ddmd\backend</Filter>
    </ClCompile>
    <ClCompile Include="..\ddmd\backend\cg87.c">
      <Filter>ddmd\backend</Filter>
    </ClCompile>
    <ClCompile Include="..\ddmd\backend\cgcod.c">
      <Filter>ddmd\backend</Filter>
    </ClCompile>
    <ClCompile Include="..\ddmd\backend\cgcs.c">
      <Filter>ddmd\backend</Filter>
    </ClCompile>
    <ClCompile Include="..\ddmd\backend\cgcv.c">
      <Filter>ddmd\backend</Filter>
    </ClCompile>
    <ClCompile Include="..\ddmd\backend\cgelem.c">
      <Filter>ddmd\backend</Filter>
    </ClCompile>
    <ClCompile Include="..\ddmd\backend\cgen.c">
      <Filter>ddmd\backend</Filter>
    </ClCompile>
    <ClCompile Include="..\ddmd\backend\cgobj.c">
      <Filter>ddmd\backend</Filter>
    </ClCompile>
    <ClCompile Include="..\ddmd\backend\cgreg.c">
      <Filter>ddmd\backend</Filter>
    </ClCompile>
    <ClCompile Include="..\ddmd\backend\cgsched.c">
      <Filter>ddmd\backend</Filter>
    </ClCompile>
    <ClCompile Include="..\ddmd\backend\cgxmm.c">
      <Filter>ddmd\backend</Filter>
    </ClCompile>
    <ClCompile Include="..\ddmd\backend\cod1.c">
      <Filter>ddmd\backend</Filter>
    </ClCompile>
    <ClCompile Include="..\ddmd\backend\cod2.c">
      <Filter>ddmd\backend</Filter>
    </ClCompile>
    <ClCompile Include="..\ddmd\backend\cod3.c">
      <Filter>ddmd\backend</Filter>
    </ClCompile>
    <ClCompile Include="..\ddmd\backend\cod4.c">
      <Filter>ddmd\backend</Filter>
    </ClCompile>
    <ClCompile Include="..\ddmd\backend\cod5.c">
      <Filter>ddmd\backend</Filter>
    </ClCompile>
    <ClCompile Include="..\ddmd\backend\code.c">
      <Filter>ddmd\backend</Filter>
    </ClCompile>
    <ClCompile Include="..\ddmd\backend\debug.c">
      <Filter>ddmd\backend</Filter>
    </ClCompile>
    <ClCompile Include="..\ddmd\backend\divcoeff.c">
      <Filter>ddmd\backend</Filter>
    </ClCompile>
    <ClCompile Include="..\ddmd\backend\dt.c">
      <Filter>ddmd\backend</Filter>
    </ClCompile>
    <ClCompile Include="..\ddmd\backend\dwarf.c">
      <Filter>ddmd\backend</Filter>
    </ClCompile>
    <ClCompile Include="..\ddmd\backend\ee.c">
      <Filter>ddmd\backend</Filter>
    </ClCompile>
    <ClCompile Include="..\ddmd\backend\el.c">
      <Filter>ddmd\backend</Filter>
    </ClCompile>
    <ClCompile Include="..\ddmd\backend\elfobj.c">
      <Filter>ddmd\backend</Filter>
    </ClCompile>
    <ClCompile Include="..\ddmd\backend\evalu8.c">
      <Filter>ddmd\backend</Filter>
    </ClCompile>
    <ClCompile Include="..\ddmd\backend\gdag.c">
      <Filter>ddmd\backend</Filter>
    </ClCompile>
    <ClCompile Include="..\ddmd\backend\gflow.c">
      <Filter>ddmd\backend</Filter>
    </ClCompile>
    <ClCompile Include="..\ddmd\backend\glocal.c">
      <Filter>ddmd\backend</Filter>
    </ClCompile>
    <ClCompile Include="..\ddmd\backend\gloop.c">
      <Filter>ddmd\backend</Filter>
    </ClCompile>
    <ClCompile Include="..\ddmd\backend\go.c">
      <Filter>ddmd\backend</Filter>
    </ClCompile>
    <ClCompile Include="..\ddmd\backend\gother.c">
      <Filter>ddmd\backend</Filter>
    </ClCompile>
    <ClCompile Include="..\ddmd\backend\machobj.c">
      <Filter>ddmd\backend</Filter>
    </ClCompile>
    <ClCompile Include="..\ddmd\backend\md5.c">
      <Filter>ddmd\backend</Filter>
    </ClCompile>
    <ClCompile Include="..\ddmd\backend\mscoffobj.c">
      <Filter>ddmd\backend</Filter>
    </ClCompile>
    <ClCompile Include="..\ddmd\backend\newman.c">
      <Filter>ddmd\backend</Filter>
    </ClCompile>
    <ClCompile Include="..\ddmd\backend\nteh.c">
      <Filter>ddmd\backend</Filter>
    </ClCompile>
    <ClCompile Include="..\ddmd\backend\os.c">
      <Filter>ddmd\backend</Filter>
    </ClCompile>
    <ClCompile Include="..\ddmd\backend\out.c">
      <Filter>ddmd\backend</Filter>
    </ClCompile>
    <ClCompile Include="..\ddmd\backend\outbuf.c">
      <Filter>ddmd\backend</Filter>
    </ClCompile>
    <ClCompile Include="..\ddmd\backend\ptrntab.c">
      <Filter>ddmd\backend</Filter>
    </ClCompile>
    <ClCompile Include="..\ddmd\backend\rtlsym.c">
      <Filter>ddmd\backend</Filter>
    </ClCompile>
    <ClCompile Include="..\ddmd\backend\strtold.c">
      <Filter>ddmd\backend</Filter>
    </ClCompile>
    <ClCompile Include="..\ddmd\backend\symbol.c">
      <Filter>ddmd\backend</Filter>
    </ClCompile>
    <ClCompile Include="..\ddmd\backend\ti_achar.c">
      <Filter>ddmd\backend</Filter>
    </ClCompile>
    <ClCompile Include="..\ddmd\backend\ti_pvoid.c">
      <Filter>ddmd\backend</Filter>
    </ClCompile>
    <ClCompile Include="..\ddmd\backend\type.c">
      <Filter>ddmd\backend</Filter>
    </ClCompile>
    <ClCompile Include="..\ddmd\backend\var.c">
      <Filter>ddmd\backend</Filter>
    </ClCompile>
    <ClCompile Include="..\ddmd\tk\filespec.c">
      <Filter>ddmd\tk</Filter>
    </ClCompile>
    <ClCompile Include="..\ddmd\tk\list.c">
      <Filter>ddmd\tk</Filter>
    </ClCompile>
    <ClCompile Include="..\ddmd\tk\mem.c">
      <Filter>ddmd\tk</Filter>
    </ClCompile>
    <ClCompile Include="..\ddmd\tk\vec.c">
      <Filter>ddmd\tk</Filter>
    </ClCompile>
    <ClCompile Include="..\ddmd\root\longdouble.c">
      <Filter>ddmd\root</Filter>
    </ClCompile>
    <ClCompile Include="..\ddmd\root\newdelete.c">
      <Filter>ddmd\root</Filter>
    </ClCompile>
    <ClCompile Include="..\ddmd\backend\backconfig.c">
      <Filter>ddmd\backend</Filter>
    </ClCompile>
    <ClCompile Include="..\ddmd\backend\ph2.c">
      <Filter>ddmd\backend</Filter>
    </ClCompile>
    <ClCompile Include="..\ddmd\backend\util2.c">
      <Filter>ddmd\backend</Filter>
    </ClCompile>
    <ClCompile Include="..\ddmd\backend\cv8.c">
      <Filter>ddmd\backend</Filter>
    </ClCompile>
    <ClCompile Include="..\ddmd\backend\pdata.c">
      <Filter>ddmd\backend</Filter>
    </ClCompile>
    <ClCompile Include="..\ddmd\backend\varstats.c">
      <Filter>ddmd\backend</Filter>
    </ClCompile>
    <ClCompile Include="..\ddmd\backend\compress.c">
      <Filter>ddmd\backend</Filter>
    </ClCompile>
    <ClCompile Include="..\ddmd\backend\gsroa.c">
      <Filter>ddmd\backend</Filter>
    </ClCompile>
  </ItemGroup>
  <ItemGroup>
    <ClInclude Include="..\ddmd\aggregate.h">
      <Filter>src</Filter>
    </ClInclude>
    <ClInclude Include="..\ddmd\aliasthis.h">
      <Filter>src</Filter>
    </ClInclude>
    <ClInclude Include="..\ddmd\arraytypes.h">
      <Filter>src</Filter>
    </ClInclude>
    <ClInclude Include="..\ddmd\attrib.h">
      <Filter>src</Filter>
    </ClInclude>
    <ClInclude Include="..\ddmd\complex_t.h">
      <Filter>src</Filter>
    </ClInclude>
    <ClInclude Include="..\ddmd\cond.h">
      <Filter>src</Filter>
    </ClInclude>
    <ClInclude Include="..\ddmd\declaration.h">
      <Filter>src</Filter>
    </ClInclude>
    <ClInclude Include="..\ddmd\dsymbol.h">
      <Filter>src</Filter>
    </ClInclude>
    <ClInclude Include="..\ddmd\enum.h">
      <Filter>src</Filter>
    </ClInclude>
    <ClInclude Include="..\ddmd\errors.h">
      <Filter>src</Filter>
    </ClInclude>
    <ClInclude Include="..\ddmd\expression.h">
      <Filter>src</Filter>
    </ClInclude>
    <ClInclude Include="..\ddmd\hdrgen.h">
      <Filter>src</Filter>
    </ClInclude>
    <ClInclude Include="..\ddmd\identifier.h">
      <Filter>src</Filter>
    </ClInclude>
    <ClInclude Include="..\ddmd\import.h">
      <Filter>src</Filter>
    </ClInclude>
    <ClInclude Include="..\ddmd\init.h">
      <Filter>src</Filter>
    </ClInclude>
    <ClInclude Include="..\ddmd\intrange.h">
      <Filter>src</Filter>
    </ClInclude>
    <ClInclude Include="..\ddmd\json.h">
      <Filter>src</Filter>
    </ClInclude>
    <ClInclude Include="..\ddmd\mars.h">
      <Filter>src</Filter>
    </ClInclude>
    <ClInclude Include="..\ddmd\module.h">
      <Filter>src</Filter>
    </ClInclude>
    <ClInclude Include="..\ddmd\mtype.h">
      <Filter>src</Filter>
    </ClInclude>
    <ClInclude Include="..\ddmd\scope.h">
      <Filter>src</Filter>
    </ClInclude>
    <ClInclude Include="..\ddmd\statement.h">
      <Filter>src</Filter>
    </ClInclude>
    <ClInclude Include="..\ddmd\staticassert.h">
      <Filter>src</Filter>
    </ClInclude>
    <ClInclude Include="..\ddmd\template.h">
      <Filter>src</Filter>
    </ClInclude>
    <ClInclude Include="..\ddmd\version.h">
      <Filter>src</Filter>
    </ClInclude>
    <ClInclude Include="..\ddmd\backend\aa.h">
      <Filter>ddmd\backend</Filter>
    </ClInclude>
    <ClInclude Include="..\ddmd\backend\bcomplex.h">
      <Filter>ddmd\backend</Filter>
    </ClInclude>
    <ClInclude Include="..\ddmd\backend\cc.h">
      <Filter>ddmd\backend</Filter>
    </ClInclude>
    <ClInclude Include="..\ddmd\backend\cdef.h">
      <Filter>ddmd\backend</Filter>
    </ClInclude>
    <ClInclude Include="..\ddmd\backend\cgcv.h">
      <Filter>ddmd\backend</Filter>
    </ClInclude>
    <ClInclude Include="..\ddmd\backend\code.h">
      <Filter>ddmd\backend</Filter>
    </ClInclude>
    <ClInclude Include="..\ddmd\backend\cv4.h">
      <Filter>ddmd\backend</Filter>
    </ClInclude>
    <ClInclude Include="..\ddmd\backend\dt.h">
      <Filter>ddmd\backend</Filter>
    </ClInclude>
    <ClInclude Include="..\ddmd\backend\dwarf.h">
      <Filter>ddmd\backend</Filter>
    </ClInclude>
    <ClInclude Include="..\ddmd\backend\dwarf2.h">
      <Filter>ddmd\backend</Filter>
    </ClInclude>
    <ClInclude Include="..\ddmd\backend\el.h">
      <Filter>ddmd\backend</Filter>
    </ClInclude>
    <ClInclude Include="..\ddmd\backend\exh.h">
      <Filter>ddmd\backend</Filter>
    </ClInclude>
    <ClInclude Include="..\ddmd\backend\global.h">
      <Filter>ddmd\backend</Filter>
    </ClInclude>
    <ClInclude Include="..\ddmd\backend\go.h">
      <Filter>ddmd\backend</Filter>
    </ClInclude>
    <ClInclude Include="..\ddmd\backend\iasm.h">
      <Filter>ddmd\backend</Filter>
    </ClInclude>
    <ClInclude Include="..\ddmd\backend\mach.h">
      <Filter>ddmd\backend</Filter>
    </ClInclude>
    <ClInclude Include="..\ddmd\backend\md5.h">
      <Filter>ddmd\backend</Filter>
    </ClInclude>
    <ClInclude Include="..\ddmd\backend\melf.h">
      <Filter>ddmd\backend</Filter>
    </ClInclude>
    <ClInclude Include="..\ddmd\backend\mscoff.h">
      <Filter>ddmd\backend</Filter>
    </ClInclude>
    <ClInclude Include="..\ddmd\backend\oper.h">
      <Filter>ddmd\backend</Filter>
    </ClInclude>
    <ClInclude Include="..\ddmd\backend\outbuf.h">
      <Filter>ddmd\backend</Filter>
    </ClInclude>
    <ClInclude Include="..\ddmd\backend\rtlsym.h">
      <Filter>ddmd\backend</Filter>
    </ClInclude>
    <ClInclude Include="..\ddmd\backend\tassert.h">
      <Filter>ddmd\backend</Filter>
    </ClInclude>
    <ClInclude Include="..\ddmd\backend\tinfo.h">
      <Filter>ddmd\backend</Filter>
    </ClInclude>
    <ClInclude Include="..\ddmd\backend\token.h">
      <Filter>ddmd\backend</Filter>
    </ClInclude>
    <ClInclude Include="..\ddmd\backend\ty.h">
      <Filter>ddmd\backend</Filter>
    </ClInclude>
    <ClInclude Include="..\ddmd\backend\type.h">
      <Filter>ddmd\backend</Filter>
    </ClInclude>
    <ClInclude Include="..\ddmd\backend\varstats.h">
      <Filter>ddmd\backend</Filter>
    </ClInclude>
    <ClInclude Include="..\ddmd\tk\filespec.h">
      <Filter>ddmd\tk</Filter>
    </ClInclude>
    <ClInclude Include="..\ddmd\tk\list.h">
      <Filter>ddmd\tk</Filter>
    </ClInclude>
    <ClInclude Include="..\ddmd\tk\mem.h">
      <Filter>ddmd\tk</Filter>
    </ClInclude>
    <ClInclude Include="..\ddmd\tk\vec.h">
      <Filter>ddmd\tk</Filter>
    </ClInclude>
    <ClInclude Include="..\ddmd\root\ctfloat.h">
      <Filter>ddmd\root</Filter>
    </ClInclude>
    <ClInclude Include="..\ddmd\root\longdouble.h">
      <Filter>ddmd\root</Filter>
    </ClInclude>
    <ClInclude Include="..\ddmd\root\port.h">
      <Filter>ddmd\root</Filter>
    </ClInclude>
    <ClInclude Include="..\ddmd\root\rmem.h">
      <Filter>ddmd\root</Filter>
    </ClInclude>
    <ClInclude Include="..\ddmd\root\root.h">
      <Filter>ddmd\root</Filter>
    </ClInclude>
    <ClInclude Include="..\ddmd\root\stringtable.h">
      <Filter>ddmd\root</Filter>
    </ClInclude>
    <ClInclude Include="..\vcbuild\alloca.h">
      <Filter>vcbuild</Filter>
    </ClInclude>
    <ClInclude Include="..\vcbuild\fenv.h">
      <Filter>vcbuild</Filter>
    </ClInclude>
    <ClInclude Include="..\vcbuild\stdint.h">
      <Filter>vcbuild</Filter>
    </ClInclude>
    <ClInclude Include="..\vcbuild\warnings.h">
      <Filter>vcbuild</Filter>
    </ClInclude>
    <ClInclude Include="..\ddmd\target.h">
      <Filter>src</Filter>
    </ClInclude>
    <ClInclude Include="..\ddmd\nspace.h">
      <Filter>src</Filter>
    </ClInclude>
    <ClInclude Include="..\ddmd\objc.h">
      <Filter>src</Filter>
    </ClInclude>
    <ClInclude Include="..\ddmd\tokens.h">
      <Filter>src</Filter>
    </ClInclude>
    <ClInclude Include="..\ddmd\globals.h">
      <Filter>src</Filter>
    </ClInclude>
  </ItemGroup>
  <ItemGroup>
    <CustomBuild Include="..\ddmd\backend\optabgen.c">
      <Filter>ddmd\gen</Filter>
    </CustomBuild>
    <CustomBuild Include="..\vcbuild\ldfpu.asm">
      <Filter>vcbuild</Filter>
    </CustomBuild>
    <CustomBuild Include="..\ddmd\idgen.d">
      <Filter>ddmd\gen</Filter>
    </CustomBuild>
  </ItemGroup>
</Project>